
Microsoft Visual Studio Solution File, Format Version 12.00
# Visual Studio 15
Project("{FAE04EC0-301F-11D3-BF4B-00C04F79EFBC}") = "Unity.XR.Interaction.Toolkit.Samples.StarterAssets", "Unity.XR.Interaction.Toolkit.Samples.StarterAssets.csproj", "{B82B8067-0610-70F5-EC6A-36AD42E0CF55}"
EndProject
Project("{FAE04EC0-301F-11D3-BF4B-00C04F79EFBC}") = "Assembly-CSharp", "Assembly-CSharp.csproj", "{68E59EF6-B306-9842-21EE-BB163328C043}"
EndProject
Project("{FAE04EC0-301F-11D3-BF4B-00C04F79EFBC}") = "Assembly-CSharp-Editor", "Assembly-CSharp-Editor.csproj", "{18DB8734-F9D3-A910-5E60-9C3D90AF69D5}"
EndProject
Project("{FAE04EC0-301F-11D3-BF4B-00C04F79EFBC}") = "Unity.XR.Interaction.Toolkit.Samples.StarterAssets.Editor", "Unity.XR.Interaction.Toolkit.Samples.StarterAssets.Editor.csproj", "{DFD2189E-D4FE-9BEC-A872-6DFBA519EFF0}"
EndProject
Global
	GlobalSection(SolutionConfigurationPlatforms) = preSolution
		Debug|Any CPU = Debug|Any CPU
		Release|Any CPU = Release|Any CPU
	EndGlobalSection
	GlobalSection(ProjectConfigurationPlatforms) = postSolution
		{B82B8067-0610-70F5-EC6A-36AD42E0CF55}.Debug|Any CPU.ActiveCfg = Debug|Any CPU
		{B82B8067-0610-70F5-EC6A-36AD42E0CF55}.Debug|Any CPU.Build.0 = Debug|Any CPU
		{B82B8067-0610-70F5-EC6A-36AD42E0CF55}.Release|Any CPU.ActiveCfg = Release|Any CPU
		{B82B8067-0610-70F5-EC6A-36AD42E0CF55}.Release|Any CPU.Build.0 = Release|Any CPU
		{68E59EF6-B306-9842-21EE-BB163328C043}.Debug|Any CPU.ActiveCfg = Debug|Any CPU
		{68E59EF6-B306-9842-21EE-BB163328C043}.Debug|Any CPU.Build.0 = Debug|Any CPU
		{68E59EF6-B306-9842-21EE-BB163328C043}.Release|Any CPU.ActiveCfg = Release|Any CPU
		{68E59EF6-B306-9842-21EE-BB163328C043}.Release|Any CPU.Build.0 = Release|Any CPU
		{18DB8734-F9D3-A910-5E60-9C3D90AF69D5}.Debug|Any CPU.ActiveCfg = Debug|Any CPU
		{18DB8734-F9D3-A910-5E60-9C3D90AF69D5}.Debug|Any CPU.Build.0 = Debug|Any CPU
		{18DB8734-F9D3-A910-5E60-9C3D90AF69D5}.Release|Any CPU.ActiveCfg = Release|Any CPU
		{18DB8734-F9D3-A910-5E60-9C3D90AF69D5}.Release|Any CPU.Build.0 = Release|Any CPU
		{DFD2189E-D4FE-9BEC-A872-6DFBA519EFF0}.Debug|Any CPU.ActiveCfg = Debug|Any CPU
		{DFD2189E-D4FE-9BEC-A872-6DFBA519EFF0}.Debug|Any CPU.Build.0 = Debug|Any CPU
		{DFD2189E-D4FE-9BEC-A872-6DFBA519EFF0}.Release|Any CPU.ActiveCfg = Release|Any CPU
		{DFD2189E-D4FE-9BEC-A872-6DFBA519EFF0}.Release|Any CPU.Build.0 = Release|Any CPU
	EndGlobalSection
	GlobalSection(SolutionProperties) = preSolution
		HideSolutionNode = FALSE
	EndGlobalSection
EndGlobal
